// !$*UTF8*$!
{
	archiveVersion = 1;
	classes = {
	};
	objectVersion = 46;
	objects = {

/* Begin PBXBuildFile section */
		02928FBD1C40B138001E8796 /* AppDelegate.swift in Sources */ = {isa = PBXBuildFile; fileRef = 02928FBC1C40B138001E8796 /* AppDelegate.swift */; };
		02928FBF1C40B138001E8796 /* ViewController.swift in Sources */ = {isa = PBXBuildFile; fileRef = 02928FBE1C40B138001E8796 /* ViewController.swift */; };
		02928FC21C40B138001E8796 /* Main.storyboard in Resources */ = {isa = PBXBuildFile; fileRef = 02928FC01C40B138001E8796 /* Main.storyboard */; };
		02928FC41C40B138001E8796 /* Assets.xcassets in Resources */ = {isa = PBXBuildFile; fileRef = 02928FC31C40B138001E8796 /* Assets.xcassets */; };
		02928FC71C40B138001E8796 /* LaunchScreen.storyboard in Resources */ = {isa = PBXBuildFile; fileRef = 02928FC51C40B138001E8796 /* LaunchScreen.storyboard */; };
		02928FE11C40B68E001E8796 /* BaseModel.swift in Sources */ = {isa = PBXBuildFile; fileRef = 02928FE01C40B68E001E8796 /* BaseModel.swift */; settings = {ASSET_TAGS = (); }; };
		02928FE51C40B8DD001E8796 /* BaseSpec.swift in Sources */ = {isa = PBXBuildFile; fileRef = 02928FE41C40B8DD001E8796 /* BaseSpec.swift */; settings = {ASSET_TAGS = (); }; };
		02928FE71C40B93C001E8796 /* SampleUnitTest.swift in Sources */ = {isa = PBXBuildFile; fileRef = 02928FE61C40B93C001E8796 /* SampleUnitTest.swift */; settings = {ASSET_TAGS = (); }; };
		02928FE91C40BD45001E8796 /* BaseTestCase.swift in Sources */ = {isa = PBXBuildFile; fileRef = 02928FE81C40BD45001E8796 /* BaseTestCase.swift */; settings = {ASSET_TAGS = (); }; };
		02928FF61C40C600001E8796 /* Helper.swift in Sources */ = {isa = PBXBuildFile; fileRef = 02928FF41C40C600001E8796 /* Helper.swift */; settings = {ASSET_TAGS = (); }; };
		02928FF71C40C600001E8796 /* Credentials.swift in Sources */ = {isa = PBXBuildFile; fileRef = 02928FF51C40C600001E8796 /* Credentials.swift */; settings = {ASSET_TAGS = (); }; };
		02928FFB1C40D102001E8796 /* User.swift in Sources */ = {isa = PBXBuildFile; fileRef = 02928FFA1C40D102001E8796 /* User.swift */; settings = {ASSET_TAGS = (); }; };
		02E1C7FC1C40E1B700EC4B1A /* Yorkville.ttf in Resources */ = {isa = PBXBuildFile; fileRef = 02E1C7FB1C40E1B700EC4B1A /* Yorkville.ttf */; settings = {ASSET_TAGS = (); }; };
		02E1C7FE1C40F56400EC4B1A /* SelectTypeViewController.swift in Sources */ = {isa = PBXBuildFile; fileRef = 02E1C7FD1C40F56400EC4B1A /* SelectTypeViewController.swift */; settings = {ASSET_TAGS = (); }; };
		02E1C8061C40F88C00EC4B1A /* Color.swift in Sources */ = {isa = PBXBuildFile; fileRef = 02E1C8001C40F88C00EC4B1A /* Color.swift */; settings = {ASSET_TAGS = (); }; };
		02E1C8071C40F88C00EC4B1A /* Metric.swift in Sources */ = {isa = PBXBuildFile; fileRef = 02E1C8011C40F88C00EC4B1A /* Metric.swift */; settings = {ASSET_TAGS = (); }; };
		02E1C80B1C40F88C00EC4B1A /* Style.swift in Sources */ = {isa = PBXBuildFile; fileRef = 02E1C8051C40F88C00EC4B1A /* Style.swift */; settings = {ASSET_TAGS = (); }; };
		02E1C80F1C40F96700EC4B1A /* BaseViewController.swift in Sources */ = {isa = PBXBuildFile; fileRef = 02E1C80E1C40F96700EC4B1A /* BaseViewController.swift */; settings = {ASSET_TAGS = (); }; };
		02E1C8111C40FB6300EC4B1A /* SelectTypeScreenTestCase.swift in Sources */ = {isa = PBXBuildFile; fileRef = 02E1C8101C40FB6300EC4B1A /* SelectTypeScreenTestCase.swift */; settings = {ASSET_TAGS = (); }; };
		02E1C8161C40FE8C00EC4B1A /* HockeySDK.framework in Frameworks */ = {isa = PBXBuildFile; fileRef = 02E1C8131C40FE7F00EC4B1A /* HockeySDK.framework */; };
		02E1C8181C41027300EC4B1A /* SetupViewController.swift in Sources */ = {isa = PBXBuildFile; fileRef = 02E1C8171C41027300EC4B1A /* SetupViewController.swift */; settings = {ASSET_TAGS = (); }; };
		02E1C81B1C4103A500EC4B1A /* BlueTypeButton.swift in Sources */ = {isa = PBXBuildFile; fileRef = 02E1C81A1C4103A500EC4B1A /* BlueTypeButton.swift */; settings = {ASSET_TAGS = (); }; };
		02E1C81D1C41061800EC4B1A /* Storyboard.swift in Sources */ = {isa = PBXBuildFile; fileRef = 02E1C81C1C41061800EC4B1A /* Storyboard.swift */; settings = {ASSET_TAGS = (); }; };
		7894935C6C05EB7EB4EEC038 /* Pods_RandomAll.framework in Frameworks */ = {isa = PBXBuildFile; fileRef = BFF9438348D961A8403E9F07 /* Pods_RandomAll.framework */; };
		8BE815D4C5EE300FAB714394 /* Pods_RandomAllTests.framework in Frameworks */ = {isa = PBXBuildFile; fileRef = 2DE66BAE6D6E1865D3E5C74F /* Pods_RandomAllTests.framework */; };
		EE0EC614F943D45E526D9B81 /* Pods.framework in Frameworks */ = {isa = PBXBuildFile; fileRef = 889299F7BBFF3F89623F978D /* Pods.framework */; };
/* End PBXBuildFile section */

/* Begin PBXContainerItemProxy section */
		02928FCE1C40B138001E8796 /* PBXContainerItemProxy */ = {
			isa = PBXContainerItemProxy;
			containerPortal = 02928FB11C40B138001E8796 /* Project object */;
			proxyType = 1;
			remoteGlobalIDString = 02928FB81C40B138001E8796;
			remoteInfo = RandomAll;
		};
/* End PBXContainerItemProxy section */

/* Begin PBXFileReference section */
		02928FB91C40B138001E8796 /* RandomAll.app */ = {isa = PBXFileReference; explicitFileType = wrapper.application; includeInIndex = 0; path = RandomAll.app; sourceTree = BUILT_PRODUCTS_DIR; };
		02928FBC1C40B138001E8796 /* AppDelegate.swift */ = {isa = PBXFileReference; lastKnownFileType = sourcecode.swift; path = AppDelegate.swift; sourceTree = "<group>"; };
		02928FBE1C40B138001E8796 /* ViewController.swift */ = {isa = PBXFileReference; lastKnownFileType = sourcecode.swift; path = ViewController.swift; sourceTree = "<group>"; };
		02928FC11C40B138001E8796 /* Base */ = {isa = PBXFileReference; lastKnownFileType = file.storyboard; name = Base; path = Base.lproj/Main.storyboard; sourceTree = "<group>"; };
		02928FC31C40B138001E8796 /* Assets.xcassets */ = {isa = PBXFileReference; lastKnownFileType = folder.assetcatalog; path = Assets.xcassets; sourceTree = "<group>"; };
		02928FC61C40B138001E8796 /* Base */ = {isa = PBXFileReference; lastKnownFileType = file.storyboard; name = Base; path = Base.lproj/LaunchScreen.storyboard; sourceTree = "<group>"; };
		02928FC81C40B138001E8796 /* Info.plist */ = {isa = PBXFileReference; lastKnownFileType = text.plist.xml; path = Info.plist; sourceTree = "<group>"; };
		02928FCD1C40B138001E8796 /* RandomAllTests.xctest */ = {isa = PBXFileReference; explicitFileType = wrapper.cfbundle; includeInIndex = 0; path = RandomAllTests.xctest; sourceTree = BUILT_PRODUCTS_DIR; };
		02928FD31C40B138001E8796 /* Info.plist */ = {isa = PBXFileReference; lastKnownFileType = text.plist.xml; path = Info.plist; sourceTree = "<group>"; };
		02928FE01C40B68E001E8796 /* BaseModel.swift */ = {isa = PBXFileReference; fileEncoding = 4; lastKnownFileType = sourcecode.swift; path = BaseModel.swift; sourceTree = "<group>"; };
		02928FE41C40B8DD001E8796 /* BaseSpec.swift */ = {isa = PBXFileReference; fileEncoding = 4; lastKnownFileType = sourcecode.swift; path = BaseSpec.swift; sourceTree = "<group>"; };
		02928FE61C40B93C001E8796 /* SampleUnitTest.swift */ = {isa = PBXFileReference; fileEncoding = 4; lastKnownFileType = sourcecode.swift; path = SampleUnitTest.swift; sourceTree = "<group>"; };
		02928FE81C40BD45001E8796 /* BaseTestCase.swift */ = {isa = PBXFileReference; fileEncoding = 4; lastKnownFileType = sourcecode.swift; path = BaseTestCase.swift; sourceTree = "<group>"; };
		02928FF41C40C600001E8796 /* Helper.swift */ = {isa = PBXFileReference; fileEncoding = 4; lastKnownFileType = sourcecode.swift; path = Helper.swift; sourceTree = "<group>"; };
		02928FF51C40C600001E8796 /* Credentials.swift */ = {isa = PBXFileReference; fileEncoding = 4; lastKnownFileType = sourcecode.swift; path = Credentials.swift; sourceTree = "<group>"; };
		02928FF81C40C782001E8796 /* Credentials.swift.example */ = {isa = PBXFileReference; fileEncoding = 4; lastKnownFileType = text; path = Credentials.swift.example; sourceTree = "<group>"; };
		02928FFA1C40D102001E8796 /* User.swift */ = {isa = PBXFileReference; fileEncoding = 4; lastKnownFileType = sourcecode.swift; path = User.swift; sourceTree = "<group>"; };
		02E1C7FB1C40E1B700EC4B1A /* Yorkville.ttf */ = {isa = PBXFileReference; lastKnownFileType = file; path = Yorkville.ttf; sourceTree = "<group>"; };
		02E1C7FD1C40F56400EC4B1A /* SelectTypeViewController.swift */ = {isa = PBXFileReference; fileEncoding = 4; lastKnownFileType = sourcecode.swift; path = SelectTypeViewController.swift; sourceTree = "<group>"; };
		02E1C8001C40F88C00EC4B1A /* Color.swift */ = {isa = PBXFileReference; fileEncoding = 4; lastKnownFileType = sourcecode.swift; path = Color.swift; sourceTree = "<group>"; };
		02E1C8011C40F88C00EC4B1A /* Metric.swift */ = {isa = PBXFileReference; fileEncoding = 4; lastKnownFileType = sourcecode.swift; path = Metric.swift; sourceTree = "<group>"; };
		02E1C8051C40F88C00EC4B1A /* Style.swift */ = {isa = PBXFileReference; fileEncoding = 4; lastKnownFileType = sourcecode.swift; path = Style.swift; sourceTree = "<group>"; };
		02E1C80E1C40F96700EC4B1A /* BaseViewController.swift */ = {isa = PBXFileReference; fileEncoding = 4; lastKnownFileType = sourcecode.swift; path = BaseViewController.swift; sourceTree = "<group>"; };
		02E1C8101C40FB6300EC4B1A /* SelectTypeScreenTestCase.swift */ = {isa = PBXFileReference; fileEncoding = 4; lastKnownFileType = sourcecode.swift; path = SelectTypeScreenTestCase.swift; sourceTree = "<group>"; };
		02E1C8131C40FE7F00EC4B1A /* HockeySDK.framework */ = {isa = PBXFileReference; lastKnownFileType = wrapper.framework; path = HockeySDK.framework; sourceTree = "<group>"; };
		02E1C8151C40FE7F00EC4B1A /* HockeySDKResources.bundle */ = {isa = PBXFileReference; lastKnownFileType = "wrapper.plug-in"; path = HockeySDKResources.bundle; sourceTree = "<group>"; };
		02E1C8171C41027300EC4B1A /* SetupViewController.swift */ = {isa = PBXFileReference; fileEncoding = 4; lastKnownFileType = sourcecode.swift; path = SetupViewController.swift; sourceTree = "<group>"; };
		02E1C81A1C4103A500EC4B1A /* BlueTypeButton.swift */ = {isa = PBXFileReference; fileEncoding = 4; lastKnownFileType = sourcecode.swift; path = BlueTypeButton.swift; sourceTree = "<group>"; };
		02E1C81C1C41061800EC4B1A /* Storyboard.swift */ = {isa = PBXFileReference; fileEncoding = 4; lastKnownFileType = sourcecode.swift; path = Storyboard.swift; sourceTree = "<group>"; };
		1042EAD4A2555975600ACC2C /* Pods.debug.xcconfig */ = {isa = PBXFileReference; includeInIndex = 1; lastKnownFileType = text.xcconfig; name = Pods.debug.xcconfig; path = "Pods/Target Support Files/Pods/Pods.debug.xcconfig"; sourceTree = "<group>"; };
		2DE66BAE6D6E1865D3E5C74F /* Pods_RandomAllTests.framework */ = {isa = PBXFileReference; explicitFileType = wrapper.framework; includeInIndex = 0; path = Pods_RandomAllTests.framework; sourceTree = BUILT_PRODUCTS_DIR; };
		51C160FB0AA36B08E837D706 /* Pods-RandomAllTests.debug.xcconfig */ = {isa = PBXFileReference; includeInIndex = 1; lastKnownFileType = text.xcconfig; name = "Pods-RandomAllTests.debug.xcconfig"; path = "Pods/Target Support Files/Pods-RandomAllTests/Pods-RandomAllTests.debug.xcconfig"; sourceTree = "<group>"; };
		889299F7BBFF3F89623F978D /* Pods.framework */ = {isa = PBXFileReference; explicitFileType = wrapper.framework; includeInIndex = 0; path = Pods.framework; sourceTree = BUILT_PRODUCTS_DIR; };
		9012CEF56B87F2E2F0141515 /* Pods.release.xcconfig */ = {isa = PBXFileReference; includeInIndex = 1; lastKnownFileType = text.xcconfig; name = Pods.release.xcconfig; path = "Pods/Target Support Files/Pods/Pods.release.xcconfig"; sourceTree = "<group>"; };
		92EBF6D6557E1056A97AC518 /* Pods-RandomAllTests.release.xcconfig */ = {isa = PBXFileReference; includeInIndex = 1; lastKnownFileType = text.xcconfig; name = "Pods-RandomAllTests.release.xcconfig"; path = "Pods/Target Support Files/Pods-RandomAllTests/Pods-RandomAllTests.release.xcconfig"; sourceTree = "<group>"; };
		BFF9438348D961A8403E9F07 /* Pods_RandomAll.framework */ = {isa = PBXFileReference; explicitFileType = wrapper.framework; includeInIndex = 0; path = Pods_RandomAll.framework; sourceTree = BUILT_PRODUCTS_DIR; };
/* End PBXFileReference section */

/* Begin PBXFrameworksBuildPhase section */
		02928FB61C40B138001E8796 /* Frameworks */ = {
			isa = PBXFrameworksBuildPhase;
			buildActionMask = 2147483647;
			files = (
				EE0EC614F943D45E526D9B81 /* Pods.framework in Frameworks */,
				7894935C6C05EB7EB4EEC038 /* Pods_RandomAll.framework in Frameworks */,
				02E1C8161C40FE8C00EC4B1A /* HockeySDK.framework in Frameworks */,
			);
			runOnlyForDeploymentPostprocessing = 0;
		};
		02928FCA1C40B138001E8796 /* Frameworks */ = {
			isa = PBXFrameworksBuildPhase;
			buildActionMask = 2147483647;
			files = (
				8BE815D4C5EE300FAB714394 /* Pods_RandomAllTests.framework in Frameworks */,
			);
			runOnlyForDeploymentPostprocessing = 0;
		};
/* End PBXFrameworksBuildPhase section */

/* Begin PBXGroup section */
		02928FB01C40B138001E8796 = {
			isa = PBXGroup;
			children = (
				02928FBB1C40B138001E8796 /* RandomAll */,
				02928FD01C40B138001E8796 /* RandomAllTests */,
				02928FBA1C40B138001E8796 /* Products */,
				40A019F2E249E8BE0CE2A9A2 /* Pods */,
				EDDF15D422A128CBB6024B90 /* Frameworks */,
			);
			sourceTree = "<group>";
		};
		02928FBA1C40B138001E8796 /* Products */ = {
			isa = PBXGroup;
			children = (
				02928FB91C40B138001E8796 /* RandomAll.app */,
				02928FCD1C40B138001E8796 /* RandomAllTests.xctest */,
			);
			name = Products;
			sourceTree = "<group>";
		};
		02928FBB1C40B138001E8796 /* RandomAll */ = {
			isa = PBXGroup;
			children = (
				02E1C8191C41038C00EC4B1A /* View */,
				02E1C7FF1C40F88C00EC4B1A /* Style */,
				02E1C7FA1C40E1A300EC4B1A /* Resource */,
				02928FDF1C40B429001E8796 /* Helper */,
				02928FDE1C40B410001E8796 /* Controller */,
				02928FDD1C40B403001E8796 /* Model */,
				02928FBC1C40B138001E8796 /* AppDelegate.swift */,
				02928FBE1C40B138001E8796 /* ViewController.swift */,
				02928FC01C40B138001E8796 /* Main.storyboard */,
				02928FC31C40B138001E8796 /* Assets.xcassets */,
				02928FC51C40B138001E8796 /* LaunchScreen.storyboard */,
				02928FC81C40B138001E8796 /* Info.plist */,
			);
			path = RandomAll;
			sourceTree = "<group>";
		};
		02928FD01C40B138001E8796 /* RandomAllTests */ = {
			isa = PBXGroup;
			children = (
				02928FE31C40B873001E8796 /* IntegrationTest */,
				02928FE21C40B863001E8796 /* UnitTest */,
				02928FD31C40B138001E8796 /* Info.plist */,
			);
			path = RandomAllTests;
			sourceTree = "<group>";
		};
		02928FDD1C40B403001E8796 /* Model */ = {
			isa = PBXGroup;
			children = (
				02928FE01C40B68E001E8796 /* BaseModel.swift */,
				02928FFA1C40D102001E8796 /* User.swift */,
			);
			path = Model;
			sourceTree = "<group>";
		};
		02928FDE1C40B410001E8796 /* Controller */ = {
			isa = PBXGroup;
			children = (
				02E1C80E1C40F96700EC4B1A /* BaseViewController.swift */,
				02E1C7FD1C40F56400EC4B1A /* SelectTypeViewController.swift */,
				02E1C8171C41027300EC4B1A /* SetupViewController.swift */,
			);
			path = Controller;
			sourceTree = "<group>";
		};
		02928FDF1C40B429001E8796 /* Helper */ = {
			isa = PBXGroup;
			children = (
				02E1C81C1C41061800EC4B1A /* Storyboard.swift */,
				02928FF81C40C782001E8796 /* Credentials.swift.example */,
				02928FF41C40C600001E8796 /* Helper.swift */,
				02928FF51C40C600001E8796 /* Credentials.swift */,
			);
			path = Helper;
			sourceTree = "<group>";
		};
		02928FE21C40B863001E8796 /* UnitTest */ = {
			isa = PBXGroup;
			children = (
				02928FE41C40B8DD001E8796 /* BaseSpec.swift */,
				02928FE61C40B93C001E8796 /* SampleUnitTest.swift */,
			);
			path = UnitTest;
			sourceTree = "<group>";
		};
		02928FE31C40B873001E8796 /* IntegrationTest */ = {
			isa = PBXGroup;
			children = (
				02928FE81C40BD45001E8796 /* BaseTestCase.swift */,
				02E1C8101C40FB6300EC4B1A /* SelectTypeScreenTestCase.swift */,
			);
			path = IntegrationTest;
			sourceTree = "<group>";
		};
		02E1C7FA1C40E1A300EC4B1A /* Resource */ = {
			isa = PBXGroup;
			children = (
				02E1C7FB1C40E1B700EC4B1A /* Yorkville.ttf */,
			);
			path = Resource;
			sourceTree = "<group>";
		};
		02E1C7FF1C40F88C00EC4B1A /* Style */ = {
			isa = PBXGroup;
			children = (
				02E1C8001C40F88C00EC4B1A /* Color.swift */,
				02E1C8011C40F88C00EC4B1A /* Metric.swift */,
				02E1C8051C40F88C00EC4B1A /* Style.swift */,
			);
			path = Style;
			sourceTree = "<group>";
		};
		02E1C8121C40FE7F00EC4B1A /* HockeySDK.embeddedframework */ = {
			isa = PBXGroup;
			children = (
				02E1C8131C40FE7F00EC4B1A /* HockeySDK.framework */,
				02E1C8141C40FE7F00EC4B1A /* Resources */,
			);
			name = HockeySDK.embeddedframework;
			path = "HockeySDK-iOS/HockeySDK.embeddedframework";
			sourceTree = "<group>";
		};
		02E1C8141C40FE7F00EC4B1A /* Resources */ = {
			isa = PBXGroup;
			children = (
				02E1C8151C40FE7F00EC4B1A /* HockeySDKResources.bundle */,
			);
			path = Resources;
			sourceTree = "<group>";
		};
		02E1C8191C41038C00EC4B1A /* View */ = {
			isa = PBXGroup;
			children = (
				02E1C81A1C4103A500EC4B1A /* BlueTypeButton.swift */,
			);
			path = View;
			sourceTree = "<group>";
		};
		40A019F2E249E8BE0CE2A9A2 /* Pods */ = {
			isa = PBXGroup;
			children = (
				1042EAD4A2555975600ACC2C /* Pods.debug.xcconfig */,
				9012CEF56B87F2E2F0141515 /* Pods.release.xcconfig */,
				51C160FB0AA36B08E837D706 /* Pods-RandomAllTests.debug.xcconfig */,
				92EBF6D6557E1056A97AC518 /* Pods-RandomAllTests.release.xcconfig */,
			);
			name = Pods;
			sourceTree = "<group>";
		};
		EDDF15D422A128CBB6024B90 /* Frameworks */ = {
			isa = PBXGroup;
			children = (
				02E1C8121C40FE7F00EC4B1A /* HockeySDK.embeddedframework */,
				889299F7BBFF3F89623F978D /* Pods.framework */,
				BFF9438348D961A8403E9F07 /* Pods_RandomAll.framework */,
				2DE66BAE6D6E1865D3E5C74F /* Pods_RandomAllTests.framework */,
			);
			name = Frameworks;
			sourceTree = "<group>";
		};
/* End PBXGroup section */

/* Begin PBXNativeTarget section */
		02928FB81C40B138001E8796 /* RandomAll */ = {
			isa = PBXNativeTarget;
			buildConfigurationList = 02928FD61C40B138001E8796 /* Build configuration list for PBXNativeTarget "RandomAll" */;
			buildPhases = (
				02928FDC1C40B211001E8796 /* LINT */,
				BEB865F28306B757240F3D91 /* Check Pods Manifest.lock */,
				02928FB51C40B138001E8796 /* Sources */,
				02928FB61C40B138001E8796 /* Frameworks */,
				02928FB71C40B138001E8796 /* Resources */,
				A13CFC2BF1FE698A8CF76723 /* Embed Pods Frameworks */,
				B931522CDD382E423E638ADF /* Copy Pods Resources */,
				02928FEC1C40C2E8001E8796 /* ShellScript */,
			);
			buildRules = (
			);
			dependencies = (
			);
			name = RandomAll;
			productName = RandomAll;
			productReference = 02928FB91C40B138001E8796 /* RandomAll.app */;
			productType = "com.apple.product-type.application";
		};
		02928FCC1C40B138001E8796 /* RandomAllTests */ = {
			isa = PBXNativeTarget;
			buildConfigurationList = 02928FD91C40B138001E8796 /* Build configuration list for PBXNativeTarget "RandomAllTests" */;
			buildPhases = (
				5172CF8EAEF39BF97B1159BA /* Check Pods Manifest.lock */,
				02928FC91C40B138001E8796 /* Sources */,
				02928FCA1C40B138001E8796 /* Frameworks */,
				02928FCB1C40B138001E8796 /* Resources */,
				F370E27C196E9F665C7BB18C /* Embed Pods Frameworks */,
				B92FFD75CCAA1B56C8F91056 /* Copy Pods Resources */,
			);
			buildRules = (
			);
			dependencies = (
				02928FCF1C40B138001E8796 /* PBXTargetDependency */,
			);
			name = RandomAllTests;
			productName = RandomAllTests;
			productReference = 02928FCD1C40B138001E8796 /* RandomAllTests.xctest */;
			productType = "com.apple.product-type.bundle.unit-test";
		};
/* End PBXNativeTarget section */

/* Begin PBXProject section */
		02928FB11C40B138001E8796 /* Project object */ = {
			isa = PBXProject;
			attributes = {
				LastUpgradeCheck = 0700;
				ORGANIZATIONNAME = "East Agile";
				TargetAttributes = {
					02928FB81C40B138001E8796 = {
						CreatedOnToolsVersion = 7.0.1;
					};
					02928FCC1C40B138001E8796 = {
						CreatedOnToolsVersion = 7.0.1;
						TestTargetID = 02928FB81C40B138001E8796;
					};
				};
			};
			buildConfigurationList = 02928FB41C40B138001E8796 /* Build configuration list for PBXProject "RandomAll" */;
			compatibilityVersion = "Xcode 3.2";
			developmentRegion = English;
			hasScannedForEncodings = 0;
			knownRegions = (
				en,
				Base,
			);
			mainGroup = 02928FB01C40B138001E8796;
			productRefGroup = 02928FBA1C40B138001E8796 /* Products */;
			projectDirPath = "";
			projectRoot = "";
			targets = (
				02928FB81C40B138001E8796 /* RandomAll */,
				02928FCC1C40B138001E8796 /* RandomAllTests */,
			);
		};
/* End PBXProject section */

/* Begin PBXResourcesBuildPhase section */
		02928FB71C40B138001E8796 /* Resources */ = {
			isa = PBXResourcesBuildPhase;
			buildActionMask = 2147483647;
			files = (
				02928FC71C40B138001E8796 /* LaunchScreen.storyboard in Resources */,
				02928FC41C40B138001E8796 /* Assets.xcassets in Resources */,
				02E1C7FC1C40E1B700EC4B1A /* Yorkville.ttf in Resources */,
				02928FC21C40B138001E8796 /* Main.storyboard in Resources */,
			);
			runOnlyForDeploymentPostprocessing = 0;
		};
		02928FCB1C40B138001E8796 /* Resources */ = {
			isa = PBXResourcesBuildPhase;
			buildActionMask = 2147483647;
			files = (
			);
			runOnlyForDeploymentPostprocessing = 0;
		};
/* End PBXResourcesBuildPhase section */

/* Begin PBXShellScriptBuildPhase section */
		02928FDC1C40B211001E8796 /* LINT */ = {
			isa = PBXShellScriptBuildPhase;
			buildActionMask = 2147483647;
			files = (
			);
			inputPaths = (
			);
			name = LINT;
			outputPaths = (
			);
			runOnlyForDeploymentPostprocessing = 0;
			shellPath = /bin/sh;
			shellScript = "if which swiftlint >/dev/null; then\nswiftlint\nelse\necho \"SwiftLint does not exist, download from https://github.com/realm/SwiftLint\"\nfi";
		};
		02928FEC1C40C2E8001E8796 /* ShellScript */ = {
			isa = PBXShellScriptBuildPhase;
			buildActionMask = 2147483647;
			files = (
			);
			inputPaths = (
			);
			outputPaths = (
			);
			runOnlyForDeploymentPostprocessing = 0;
			shellPath = /bin/sh;
			shellScript = "FILE=\"${SRCROOT}/HockeySDK-iOS/BuildAgent\"\nif [ -f \"$FILE\" ]; then\n\"$FILE\"\nfi";
		};
		5172CF8EAEF39BF97B1159BA /* Check Pods Manifest.lock */ = {
			isa = PBXShellScriptBuildPhase;
			buildActionMask = 2147483647;
			files = (
			);
			inputPaths = (
			);
			name = "Check Pods Manifest.lock";
			outputPaths = (
			);
			runOnlyForDeploymentPostprocessing = 0;
			shellPath = /bin/sh;
			shellScript = "diff \"${PODS_ROOT}/../Podfile.lock\" \"${PODS_ROOT}/Manifest.lock\" > /dev/null\nif [[ $? != 0 ]] ; then\n    cat << EOM\nerror: The sandbox is not in sync with the Podfile.lock. Run 'pod install' or update your CocoaPods installation.\nEOM\n    exit 1\nfi\n";
			showEnvVarsInLog = 0;
		};
		A13CFC2BF1FE698A8CF76723 /* Embed Pods Frameworks */ = {
			isa = PBXShellScriptBuildPhase;
			buildActionMask = 2147483647;
			files = (
			);
			inputPaths = (
			);
			name = "Embed Pods Frameworks";
			outputPaths = (
			);
			runOnlyForDeploymentPostprocessing = 0;
			shellPath = /bin/sh;
			shellScript = "\"${SRCROOT}/Pods/Target Support Files/Pods-RandomAll/Pods-RandomAll-frameworks.sh\"\n";
			showEnvVarsInLog = 0;
		};
		B92FFD75CCAA1B56C8F91056 /* Copy Pods Resources */ = {
			isa = PBXShellScriptBuildPhase;
			buildActionMask = 2147483647;
			files = (
			);
			inputPaths = (
			);
			name = "Copy Pods Resources";
			outputPaths = (
			);
			runOnlyForDeploymentPostprocessing = 0;
			shellPath = /bin/sh;
			shellScript = "\"${SRCROOT}/Pods/Target Support Files/Pods-RandomAllTests/Pods-RandomAllTests-resources.sh\"\n";
			showEnvVarsInLog = 0;
		};
		B931522CDD382E423E638ADF /* Copy Pods Resources */ = {
			isa = PBXShellScriptBuildPhase;
			buildActionMask = 2147483647;
			files = (
			);
			inputPaths = (
			);
			name = "Copy Pods Resources";
			outputPaths = (
			);
			runOnlyForDeploymentPostprocessing = 0;
			shellPath = /bin/sh;
			shellScript = "\"${SRCROOT}/Pods/Target Support Files/Pods-RandomAll/Pods-RandomAll-resources.sh\"\n";
			showEnvVarsInLog = 0;
		};
		BEB865F28306B757240F3D91 /* Check Pods Manifest.lock */ = {
			isa = PBXShellScriptBuildPhase;
			buildActionMask = 2147483647;
			files = (
			);
			inputPaths = (
			);
			name = "Check Pods Manifest.lock";
			outputPaths = (
			);
			runOnlyForDeploymentPostprocessing = 0;
			shellPath = /bin/sh;
			shellScript = "diff \"${PODS_ROOT}/../Podfile.lock\" \"${PODS_ROOT}/Manifest.lock\" > /dev/null\nif [[ $? != 0 ]] ; then\n    cat << EOM\nerror: The sandbox is not in sync with the Podfile.lock. Run 'pod install' or update your CocoaPods installation.\nEOM\n    exit 1\nfi\n";
			showEnvVarsInLog = 0;
		};
		F370E27C196E9F665C7BB18C /* Embed Pods Frameworks */ = {
			isa = PBXShellScriptBuildPhase;
			buildActionMask = 2147483647;
			files = (
			);
			inputPaths = (
			);
			name = "Embed Pods Frameworks";
			outputPaths = (
			);
			runOnlyForDeploymentPostprocessing = 0;
			shellPath = /bin/sh;
			shellScript = "\"${SRCROOT}/Pods/Target Support Files/Pods-RandomAllTests/Pods-RandomAllTests-frameworks.sh\"\n";
			showEnvVarsInLog = 0;
		};
/* End PBXShellScriptBuildPhase section */

/* Begin PBXSourcesBuildPhase section */
		02928FB51C40B138001E8796 /* Sources */ = {
			isa = PBXSourcesBuildPhase;
			buildActionMask = 2147483647;
			files = (
				02928FE11C40B68E001E8796 /* BaseModel.swift in Sources */,
				02E1C7FE1C40F56400EC4B1A /* SelectTypeViewController.swift in Sources */,
				02E1C80F1C40F96700EC4B1A /* BaseViewController.swift in Sources */,
				02928FBF1C40B138001E8796 /* ViewController.swift in Sources */,
				02E1C8181C41027300EC4B1A /* SetupViewController.swift in Sources */,
				02928FFB1C40D102001E8796 /* User.swift in Sources */,
				02E1C80B1C40F88C00EC4B1A /* Style.swift in Sources */,
				02928FF71C40C600001E8796 /* Credentials.swift in Sources */,
				02E1C8061C40F88C00EC4B1A /* Color.swift in Sources */,
				02E1C8071C40F88C00EC4B1A /* Metric.swift in Sources */,
				02E1C81D1C41061800EC4B1A /* Storyboard.swift in Sources */,
				02928FBD1C40B138001E8796 /* AppDelegate.swift in Sources */,
				02E1C81B1C4103A500EC4B1A /* BlueTypeButton.swift in Sources */,
				02928FF61C40C600001E8796 /* Helper.swift in Sources */,
			);
			runOnlyForDeploymentPostprocessing = 0;
		};
		02928FC91C40B138001E8796 /* Sources */ = {
			isa = PBXSourcesBuildPhase;
			buildActionMask = 2147483647;
			files = (
				02928FE51C40B8DD001E8796 /* BaseSpec.swift in Sources */,
				02928FE91C40BD45001E8796 /* BaseTestCase.swift in Sources */,
				02928FE71C40B93C001E8796 /* SampleUnitTest.swift in Sources */,
				02E1C8111C40FB6300EC4B1A /* SelectTypeScreenTestCase.swift in Sources */,
			);
			runOnlyForDeploymentPostprocessing = 0;
		};
/* End PBXSourcesBuildPhase section */

/* Begin PBXTargetDependency section */
		02928FCF1C40B138001E8796 /* PBXTargetDependency */ = {
			isa = PBXTargetDependency;
			target = 02928FB81C40B138001E8796 /* RandomAll */;
			targetProxy = 02928FCE1C40B138001E8796 /* PBXContainerItemProxy */;
		};
/* End PBXTargetDependency section */

/* Begin PBXVariantGroup section */
		02928FC01C40B138001E8796 /* Main.storyboard */ = {
			isa = PBXVariantGroup;
			children = (
				02928FC11C40B138001E8796 /* Base */,
			);
			name = Main.storyboard;
			sourceTree = "<group>";
		};
		02928FC51C40B138001E8796 /* LaunchScreen.storyboard */ = {
			isa = PBXVariantGroup;
			children = (
				02928FC61C40B138001E8796 /* Base */,
			);
			name = LaunchScreen.storyboard;
			sourceTree = "<group>";
		};
/* End PBXVariantGroup section */

/* Begin XCBuildConfiguration section */
		02928FD41C40B138001E8796 /* Debug */ = {
			isa = XCBuildConfiguration;
			buildSettings = {
				ALWAYS_SEARCH_USER_PATHS = NO;
				CLANG_CXX_LANGUAGE_STANDARD = "gnu++0x";
				CLANG_CXX_LIBRARY = "libc++";
				CLANG_ENABLE_CODE_COVERAGE = YES;
				CLANG_ENABLE_MODULES = YES;
				CLANG_ENABLE_OBJC_ARC = YES;
				CLANG_WARN_BOOL_CONVERSION = YES;
				CLANG_WARN_CONSTANT_CONVERSION = YES;
				CLANG_WARN_DIRECT_OBJC_ISA_USAGE = YES_ERROR;
				CLANG_WARN_EMPTY_BODY = YES;
				CLANG_WARN_ENUM_CONVERSION = YES;
				CLANG_WARN_INT_CONVERSION = YES;
				CLANG_WARN_OBJC_ROOT_CLASS = YES_ERROR;
				CLANG_WARN_UNREACHABLE_CODE = YES;
				CLANG_WARN__DUPLICATE_METHOD_MATCH = YES;
				"CODE_SIGN_IDENTITY[sdk=iphoneos*]" = "iPhone Developer";
				COPY_PHASE_STRIP = NO;
				DEBUG_INFORMATION_FORMAT = dwarf;
				ENABLE_STRICT_OBJC_MSGSEND = YES;
				ENABLE_TESTABILITY = YES;
				GCC_C_LANGUAGE_STANDARD = gnu99;
				GCC_DYNAMIC_NO_PIC = NO;
				GCC_NO_COMMON_BLOCKS = YES;
				GCC_OPTIMIZATION_LEVEL = 0;
				GCC_PREPROCESSOR_DEFINITIONS = (
					"DEBUG=1",
					"$(inherited)",
				);
				GCC_WARN_64_TO_32_BIT_CONVERSION = YES;
				GCC_WARN_ABOUT_RETURN_TYPE = YES_ERROR;
				GCC_WARN_UNDECLARED_SELECTOR = YES;
				GCC_WARN_UNINITIALIZED_AUTOS = YES_AGGRESSIVE;
				GCC_WARN_UNUSED_FUNCTION = YES;
				GCC_WARN_UNUSED_VARIABLE = YES;
				IPHONEOS_DEPLOYMENT_TARGET = 9.0;
				MTL_ENABLE_DEBUG_INFO = YES;
				ONLY_ACTIVE_ARCH = YES;
				SDKROOT = iphoneos;
				SWIFT_OPTIMIZATION_LEVEL = "-Onone";
				TARGETED_DEVICE_FAMILY = "1,2";
			};
			name = Debug;
		};
		02928FD51C40B138001E8796 /* Release */ = {
			isa = XCBuildConfiguration;
			buildSettings = {
				ALWAYS_SEARCH_USER_PATHS = NO;
				CLANG_CXX_LANGUAGE_STANDARD = "gnu++0x";
				CLANG_CXX_LIBRARY = "libc++";
				CLANG_ENABLE_CODE_COVERAGE = YES;
				CLANG_ENABLE_MODULES = YES;
				CLANG_ENABLE_OBJC_ARC = YES;
				CLANG_WARN_BOOL_CONVERSION = YES;
				CLANG_WARN_CONSTANT_CONVERSION = YES;
				CLANG_WARN_DIRECT_OBJC_ISA_USAGE = YES_ERROR;
				CLANG_WARN_EMPTY_BODY = YES;
				CLANG_WARN_ENUM_CONVERSION = YES;
				CLANG_WARN_INT_CONVERSION = YES;
				CLANG_WARN_OBJC_ROOT_CLASS = YES_ERROR;
				CLANG_WARN_UNREACHABLE_CODE = YES;
				CLANG_WARN__DUPLICATE_METHOD_MATCH = YES;
				"CODE_SIGN_IDENTITY[sdk=iphoneos*]" = "iPhone Developer";
				COPY_PHASE_STRIP = NO;
				DEBUG_INFORMATION_FORMAT = "dwarf-with-dsym";
				ENABLE_NS_ASSERTIONS = NO;
				ENABLE_STRICT_OBJC_MSGSEND = YES;
				GCC_C_LANGUAGE_STANDARD = gnu99;
				GCC_NO_COMMON_BLOCKS = YES;
				GCC_WARN_64_TO_32_BIT_CONVERSION = YES;
				GCC_WARN_ABOUT_RETURN_TYPE = YES_ERROR;
				GCC_WARN_UNDECLARED_SELECTOR = YES;
				GCC_WARN_UNINITIALIZED_AUTOS = YES_AGGRESSIVE;
				GCC_WARN_UNUSED_FUNCTION = YES;
				GCC_WARN_UNUSED_VARIABLE = YES;
				IPHONEOS_DEPLOYMENT_TARGET = 9.0;
				MTL_ENABLE_DEBUG_INFO = NO;
				SDKROOT = iphoneos;
				TARGETED_DEVICE_FAMILY = "1,2";
				VALIDATE_PRODUCT = YES;
			};
			name = Release;
		};
		02928FD71C40B138001E8796 /* Debug */ = {
			isa = XCBuildConfiguration;
			baseConfigurationReference = 1042EAD4A2555975600ACC2C /* Pods.debug.xcconfig */;
			buildSettings = {
				ASSETCATALOG_COMPILER_APPICON_NAME = AppIcon;
				CODE_SIGN_IDENTITY = "iPhone Developer: Lawrence Sinclair (CV5NWHS2VN)";
				"CODE_SIGN_IDENTITY[sdk=iphoneos*]" = "iPhone Developer: Lawrence Sinclair (CV5NWHS2VN)";
				FRAMEWORK_SEARCH_PATHS = (
					"$(inherited)",
					"$(PROJECT_DIR)/HockeySDK-iOS/HockeySDK.embeddedframework",
				);
				INFOPLIST_FILE = RandomAll/Info.plist;
				IPHONEOS_DEPLOYMENT_TARGET = 8.0;
				LD_RUNPATH_SEARCH_PATHS = "$(inherited) @executable_path/Frameworks";
				PRODUCT_BUNDLE_IDENTIFIER = com.eastagile.RandomAll;
				PRODUCT_NAME = "$(TARGET_NAME)";
			};
			name = Debug;
		};
		02928FD81C40B138001E8796 /* Release */ = {
			isa = XCBuildConfiguration;
			baseConfigurationReference = 9012CEF56B87F2E2F0141515 /* Pods.release.xcconfig */;
			buildSettings = {
				ASSETCATALOG_COMPILER_APPICON_NAME = AppIcon;
				CODE_SIGN_IDENTITY = "iPhone Distribution: Lawrence Sinclair";
				"CODE_SIGN_IDENTITY[sdk=iphoneos*]" = "iPhone Distribution: Lawrence Sinclair";
				FRAMEWORK_SEARCH_PATHS = (
					"$(inherited)",
					"$(PROJECT_DIR)/HockeySDK-iOS/HockeySDK.embeddedframework",
				);
				INFOPLIST_FILE = RandomAll/Info.plist;
				IPHONEOS_DEPLOYMENT_TARGET = 8.0;
				LD_RUNPATH_SEARCH_PATHS = "$(inherited) @executable_path/Frameworks";
				PRODUCT_BUNDLE_IDENTIFIER = com.eastagile.RandomAll;
				PRODUCT_NAME = "$(TARGET_NAME)";
			};
			name = Release;
		};
		02928FDA1C40B138001E8796 /* Debug */ = {
			isa = XCBuildConfiguration;
			baseConfigurationReference = 51C160FB0AA36B08E837D706 /* Pods-RandomAllTests.debug.xcconfig */;
			buildSettings = {
				BUNDLE_LOADER = "$(TEST_HOST)";
				FRAMEWORK_SEARCH_PATHS = (
					"$(inherited)",
					"$(PROJECT_DIR)/HockeySDK-iOS/HockeySDK.embeddedframework",
				);
				INFOPLIST_FILE = RandomAllTests/Info.plist;
				LD_RUNPATH_SEARCH_PATHS = "$(inherited) @executable_path/Frameworks @loader_path/Frameworks";
				PRODUCT_BUNDLE_IDENTIFIER = com.eastagile.RandomAllTests;
				PRODUCT_NAME = "$(TARGET_NAME)";
				TEST_HOST = "$(BUILT_PRODUCTS_DIR)/RandomAll.app/RandomAll";
			};
			name = Debug;
		};
		02928FDB1C40B138001E8796 /* Release */ = {
			isa = XCBuildConfiguration;
			baseConfigurationReference = 92EBF6D6557E1056A97AC518 /* Pods-RandomAllTests.release.xcconfig */;
			buildSettings = {
				BUNDLE_LOADER = "$(TEST_HOST)";
				FRAMEWORK_SEARCH_PATHS = (
					"$(inherited)",
					"$(PROJECT_DIR)/HockeySDK-iOS/HockeySDK.embeddedframework",
				);
				INFOPLIST_FILE = RandomAllTests/Info.plist;
				LD_RUNPATH_SEARCH_PATHS = "$(inherited) @executable_path/Frameworks @loader_path/Frameworks";
				PRODUCT_BUNDLE_IDENTIFIER = com.eastagile.RandomAllTests;
				PRODUCT_NAME = "$(TARGET_NAME)";
				TEST_HOST = "$(BUILT_PRODUCTS_DIR)/RandomAll.app/RandomAll";
			};
			name = Release;
		};
/* End XCBuildConfiguration section */

/* Begin XCConfigurationList section */
		02928FB41C40B138001E8796 /* Build configuration list for PBXProject "RandomAll" */ = {
			isa = XCConfigurationList;
			buildConfigurations = (
				02928FD41C40B138001E8796 /* Debug */,
				02928FD51C40B138001E8796 /* Release */,
			);
			defaultConfigurationIsVisible = 0;
			defaultConfigurationName = Release;
		};
		02928FD61C40B138001E8796 /* Build configuration list for PBXNativeTarget "RandomAll" */ = {
			isa = XCConfigurationList;
			buildConfigurations = (
				02928FD71C40B138001E8796 /* Debug */,
				02928FD81C40B138001E8796 /* Release */,
			);
			defaultConfigurationIsVisible = 0;
			defaultConfigurationName = Release;
		};
		02928FD91C40B138001E8796 /* Build configuration list for PBXNativeTarget "RandomAllTests" */ = {
			isa = XCConfigurationList;
			buildConfigurations = (
				02928FDA1C40B138001E8796 /* Debug */,
				02928FDB1C40B138001E8796 /* Release */,
			);
			defaultConfigurationIsVisible = 0;
			defaultConfigurationName = Release;
		};
/* End XCConfigurationList section */
	};
	rootObject = 02928FB11C40B138001E8796 /* Project object */;
}
